{
  "name": "pixelplex_nodejs_course_homework",
  "lockfileVersion": 2,
  "requires": true,
  "packages": {
    "": {
      "devDependencies": {
        "@types/node": "^18.11.6"
      }
    },
    "node_modules/@types/node": {
      "version": "18.11.6",
      "resolved": "https://registry.npmjs.org/@types/node/-/node-18.11.6.tgz",
      "integrity": "sha512-j3CEDa2vd96K0AXF8Wur7UucACvnjkk8hYyQAHhUNciabZLDl9nfAEVUSwmh245OOZV15bRA3Y590Gi5jUcDJg==",
      "dev": true
    }
  },
  "dependencies": {
    "@types/node": {
      "version": "18.11.6",
      "resolved": "https://registry.npmjs.org/@types/node/-/node-18.11.6.tgz",
      "integrity": "sha512-j3CEDa2vd96K0AXF8Wur7UucACvnjkk8hYyQAHhUNciabZLDl9nfAEVUSwmh245OOZV15bRA3Y590Gi5jUcDJg==",
      "dev": true
    }
  }
}
